9fans.net/go v0.0.0-20180727211846-5d4fa602e1e8 h1:I5as7fR6RT+wVrs+vOeEtOHJ4z2vnUnIR+cqvAiQ80s=
9fans.net/go v0.0.0-20180727211846-5d4fa602e1e8/go.mod h1:diCsxrliIURU9xsYtjCp5AbpQKqdhKmf0ujWDUSkfoY=
cloud.google.com/go v0.26.0 h1:e0WKqKTd5BnrG8aKH3J3h+QvEIQtSUcf2n5UZ5ZgLtQ=
cloud.google.com/go v0.26.0/go.mod h1:aQUYkXzVsufM+DwF1aE+0xfcU+56JwCaLick0ClmMTw=
contrib.go.opencensus.io/exporter/stackdriver v0.6.0 h1:U0FQWsZU3aO8W+BrZc88T8fdd24qe3Phawa9V9oaVUE=
contrib.go.opencensus.io/exporter/stackdriver v0.6.0/go.mod h1:QeFzMJDAw8TXt5+aRaSuE8l5BwaMIOIlaVkBOPRuMuw=
git.schwanenlied.me/yawning/bsaes.git v0.0.0-20180720073208-c0276d75487e/go.mod h1:BWqTsj8PgcPriQJGl7el20J/7TuT1d/hSyFDXMEpoEo=
github.com/NaySoftware/go-fcm v0.0.0-20180207124314-28fff9381d17 h1:B1AsIv1Ms6JuzXgEst+CKtVAqQCZlqI/kwJYlx3gYEM=
github.com/NaySoftware/go-fcm v0.0.0-20180207124314-28fff9381d17/go.mod h1:3qVrdgWvoMZMoRG+/nusrCNrcP4RYU4MWGv467XjqLI=
github.com/NebulousLabs/fastrand v0.0.0-20180208210444-3cf7173006a0/go.mod h1:Bdzq+51GR4/0DIhaICZEOm+OHvXGwwB2trKZ8B4Y6eQ=
github.com/NebulousLabs/go-upnp v0.0.0-20180202185039-29b680b06c82/go.mod h1:GbuBk21JqF+driLX3XtJYNZjGa45YDoa9IqCTzNSfEc=
github.com/SparkPost/gosparkpost v0.0.0-20180607155248-1190f471ed9d h1:hEc8NSjCFs9gJw/RXGYq/wbSMbukvgrKn9QeWSN7vI0=
github.com/SparkPost/gosparkpost v0.0.0-20180607155248-1190f471ed9d/go.mod h1:cyhfMSqkHlBoIxTiOMm1iTK9Xsqwohvp4tViuhO1cG8=
github.com/Yawning/aez v0.0.0-20180114000226-4dad034d9db2/go.mod h1:9pIqrY6SXNL8vjRQE5Hd/OL5GyK/9MrGUWs87z/eFfk=
github.com/acroca/go-symbols v0.0.0-20180523203557-953befd75e22 h1:Lfw7U4QD/rq1M7QEOcj5uttr9pybuV6YS6w6OeCN3yc=
github.com/acroca/go-symbols v0.0.0-20180523203557-953befd75e22/go.mod h1:RKAIDWtcELAw6/wjNJGWRYZ7QEinSWoJeJ2H5cfK6AM=
github.com/aead/chacha20 v0.0.0-20180709150244-8b13a72661da h1:KjTM2ks9d14ZYCvmHS9iAKVt9AyzRSqNU1qabPih5BY=
github.com/aead/chacha20 v0.0.0-20180709150244-8b13a72661da/go.mod h1:eHEWzANqSiWQsof+nXEI9bUVUyV6F53Fp89EuCh2EAA=
github.com/aead/siphash v0.0.0-20170329201724-e404fcfc8885 h1:bBmEG9/q1xH07CqeeFw1ejup6Kw+/88WhhLHqIJ0ngQ=
github.com/aead/siphash v0.0.0-20170329201724-e404fcfc8885/go.mod h1:Nywa3cDsYNNK3gaciGTWPwHt0wlpNV15vwmswBAUSII=
github.com/awalterschulze/gographviz v0.0.0-20160912181450-761fd5fbb34e/go.mod h1:GEV5wmg4YquNw7v1kkyoX9etIk8yVmXj+AkDHuuETHs=
github.com/breez/lightninglib v0.0.0-20180828130044-50a1d1921392 h1:ILdiR/peizSve6Is4hjFc0oY8ddorrWQrIDO2fwZkmU=
github.com/breez/lightninglib v0.0.0-20180828130044-50a1d1921392/go.mod h1:mf502fjiXyI/h6UO8ZPqAa/LzU4wMQC4AmDWXsz2axM=
github.com/breez/lightninglib v0.0.0-20180914104818-04fdcb693b99 h1:/Ub34t0EQzHek4/Gl7AXue2RwC1S3N5fIYfNkqaRg3c=
github.com/breez/lightninglib v0.0.0-20180914104818-04fdcb693b99/go.mod h1:5A0NNVP7ZsSSgr6BJMcA2PSOOALSeUllsuv2gzWuIU4=
github.com/breez/lightninglib v0.0.0-20181102084808-1b27733f794e h1:I+EXv2CM5CgsN0fxaND3omiYoZ5uZTcEOJVVcVTSEu4=
github.com/breez/lightninglib v0.0.0-20181102084808-1b27733f794e/go.mod h1:FTcU2QgRxFcRZ6P/Gi0U2BwJVGdqdxR+wDoJsQ+Y70s=
github.com/breez/lightninglib v0.0.0-20181102084808-a5eb7cf58639 h1:/Fnkj3mK51NOUHcq67WxiIkx9JHZD7c0tKOcMINqBk0=
github.com/breez/lightninglib v0.0.0-20181102084808-a5eb7cf58639/go.mod h1:lyHEDNScy4AmW3lDEIrk1hpeu6/KJme47voQx1TgL20=
github.com/breez/lightninglib v0.0.0-20181106130016-131b881c7f6b h1:OJgWR38w6d8VGpyQ0fTe4f98MyXpgaCeCu5Sa97mQAc=
github.com/breez/lightninglib v0.0.0-20181106130016-131b881c7f6b/go.mod h1:lyHEDNScy4AmW3lDEIrk1hpeu6/KJme47voQx1TgL20=
github.com/btcsuite/btcd v0.0.0-20180810000619-f899737d7f27 h1:WU7sAs3XGB9kUkEum8TfmtKl8seYpgyNplGgifi6ZgE=
github.com/btcsuite/btcd v0.0.0-20180810000619-f899737d7f27/go.mod h1:Dmm/EzmjnCiweXmzRIAiUWCInVmPgjkzgv5k4tVyXiQ=
github.com/btcsuite/btcd v0.0.0-20180903232927-cff30e1d23fc h1:nLRj+ULuRYb0qTAOnuayFXRnLjYXBots5CSp5zH4RqU=
github.com/btcsuite/btcd v0.0.0-20180903232927-cff30e1d23fc/go.mod h1:Dmm/EzmjnCiweXmzRIAiUWCInVmPgjkzgv5k4tVyXiQ=
github.com/btcsuite/btclog v0.0.0-20170628155309-84c8d2346e9f h1:bAs4lUbRJpnnkd9VhRV3jjAVU7DJVjMaK+IsvSeZvFo=
github.com/btcsuite/btclog v0.0.0-20170628155309-84c8d2346e9f/go.mod h1:TdznJufoqS23FtqVCzL0ZqgP5MqXbb4fg/WgDys70nA=
github.com/btcsuite/btcutil v0.0.0-20180706230648-ab6388e0c60a h1:RQMUrEILyYJEoAT34XS/kLu40vC0+po/UfxrBBA4qZE=
github.com/btcsuite/btcutil v0.0.0-20180706230648-ab6388e0c60a/go.mod h1:+5NJ2+qvTyV9exUAL/rxXi3DcLg2Ts+ymUAY5y4NvMg=
github.com/btcsuite/btcwallet v0.0.0-20180801025337-1ede0a1a66ba h1:q2cqJzbSjmAt/35mXuZ05rbePcNMHen7DCxUSkfUStI=
github.com/btcsuite/btcwallet v0.0.0-20180801025337-1ede0a1a66ba/go.mod h1:+q7/nPeXqu8jJ0ah0fcMOlWGZ2GeL2QoL6c7nCFUEVA=
github.com/btcsuite/btcwallet v0.0.0-20180913034130-421298df2260 h1:+FL2adqS5Rg+xDROE4OTtRlLUmK3YssHHScQnQwKz5A=
github.com/btcsuite/btcwallet v0.0.0-20180913034130-421298df2260/go.mod h1:+q7/nPeXqu8jJ0ah0fcMOlWGZ2GeL2QoL6c7nCFUEVA=
github.com/btcsuite/btcwallet v0.0.0-20181017015332-c4dd27e481f9 h1:YmgBq9XwdnZGBRF2DXq1a4qh/pfduvdQlzaDCjPV/jc=
github.com/btcsuite/btcwallet v0.0.0-20181017015332-c4dd27e481f9/go.mod h1:+q7/nPeXqu8jJ0ah0fcMOlWGZ2GeL2QoL6c7nCFUEVA=
github.com/btcsuite/fastsha256 v0.0.0-20160815193821-637e65642941 h1:kij1x2aL7VE6gtx8KMIt8PGPgI5GV9LgtHFG5KaEMPY=
github.com/btcsuite/fastsha256 v0.0.0-20160815193821-637e65642941/go.mod h1:QcFA8DZHtuIAdYKCq/BzELOaznRsCvwf4zTPmaYwaig=
github.com/btcsuite/go-socks v0.0.0-20170105172521-4720035b7bfd h1:R/opQEbFEy9JGkIguV40SvRY1uliPX8ifOvi6ICsFCw=
github.com/btcsuite/go-socks v0.0.0-20170105172521-4720035b7bfd/go.mod h1:HHNXQzUsZCxOoE+CPiyCTO6x34Zs86zZUiwtpXoGdtg=
github.com/btcsuite/golangcrypto v0.0.0-20150304025918-53f62d9b43e8 h1:nOsAWScwueMVk/VLm/dvQQD7DuanyvAUb6B3P3eT274=
github.com/btcsuite/golangcrypto v0.0.0-20150304025918-53f62d9b43e8/go.mod h1:tYvUd8KLhm/oXvUeSEs2VlLghFjQt9+ZaF9ghH0JNjc=
github.com/btcsuite/goleveldb v1.0.0/go.mod h1:QiK9vBlgftBg6rWQIj6wFzbPfRjiykIEhBH4obrXJ/I=
github.com/btcsuite/snappy-go v1.0.0/go.mod h1:8woku9dyThutzjeg+3xrA5iCpBRH8XEEg3lh6TiUghc=
github.com/btcsuite/websocket v0.0.0-20150119174127-31079b680792 h1:R8vQdOQdZ9Y3SkEwmHoWBmX1DNXhXZqlTpq6s4tyJGc=
github.com/btcsuite/websocket v0.0.0-20150119174127-31079b680792/go.mod h1:ghJtEyQwv5/p4Mg4C0fgbePVuGr935/5ddU9Z3TmDRY=
github.com/coreos/bbolt v0.0.0-20180223184059-4f5275f4ebbf h1:tJpA9/rXV/dIbGH2eWW6Cptwwz5ax6ft2DAuHR/qfNQ=
github.com/coreos/bbolt v0.0.0-20180223184059-4f5275f4ebbf/go.mod h1:iRUV2dpdMOn7Bo10OQBFzIJO9kkE559Wcmn+qkEiiKk=
github.com/cosiner/argv v0.0.0-20170225145430-13bacc38a0a5 h1:rIXlvz2IWiupMFlC45cZCXZFvKX/ExBcSLrDy2G0Lp8=
github.com/cosiner/argv v0.0.0-20170225145430-13bacc38a0a5/go.mod h1:p/NrK5tF6ICIly4qwEDsf6VDirFiWWz0FenfYBwJaKQ=
github.com/davecgh/go-spew v0.0.0-20180221232628-8991bc29aa16/go.mod h1:J7Y8YcW2NihsgmVo/mv3lAwl/skON4iLHjSsI+c5H38=
github.com/davecgh/go-spew v1.1.1 h1:vj9j/u1bqnvCEfJOwUhtlOARqs3+rkHYY13jYWTU97c=
github.com/davecgh/go-spew v1.1.1/go.mod h1:J7Y8YcW2NihsgmVo/mv3lAwl/skON4iLHjSsI+c5H38=
github.com/davidrjenni/reftools v0.0.0-20180509164333-3813a62570d2 h1:s9FFqeh2hSpBk09NiFLaHHQddrrLBlTrT2p26sPUfd4=
github.com/davidrjenni/reftools v0.0.0-20180509164333-3813a62570d2/go.mod h1:8o/GRMvsb9VyFbSEZGXfa0dkSXml4G23W0D/h9FksWM=
github.com/derekparker/delve v1.1.0 h1:icd65nMp7s2HiLz6y/6RCVXBdoED3xxYLwX09EMaRCc=
github.com/derekparker/delve v1.1.0/go.mod h1:pMSZMfp0Nhbm8qdZJkuE/yPGOkLpGXLS1I4poXQpuJU=
github.com/fatih/camelcase v1.0.0 h1:hxNvNX/xYBp0ovncs8WyWZrOrpBNub/JfaMvbURyft8=
github.com/fatih/camelcase v1.0.0/go.mod h1:yN2Sb0lFhZJUdVvtELVWefmrXpuZESvPmqwoZc+/fpc=
github.com/fatih/gomodifytags v0.0.0-20180826164257-7987f52a7108 h1:CIkmEYX6OO/UB9pBSdFvVlhkpT0pXjqXYo9lMmGVaLI=
github.com/fatih/gomodifytags v0.0.0-20180826164257-7987f52a7108/go.mod h1:p2/x7bnOQsbq/deXsDIlj2yLiKFGPkD2nuoYqwn8R4Y=
github.com/fatih/structtag v1.0.0 h1:pTHj65+u3RKWYPSGaU290FpI/dXxTaHdVwVwbcPKmEc=
github.com/fatih/structtag v1.0.0/go.mod h1:IKitwq45uXL/yqi5mYghiD3w9H6eTOvI9vnk8tXMphA=
github.com/fsnotify/fsnotify v1.4.7/go.mod h1:jwhsz4b93w/PPRr/qN1Yymfu8t87LnFCMoQvtojpjFo=
github.com/garyburd/redigo v2.0.0+incompatible h1:Gb5TnQbf/SfRTYd07ZgodtGEDhNOviGCxoyZnyBDuNU=
github.com/garyburd/redigo v2.0.0+incompatible/go.mod h1:NR3MbYisc3/PwhQ00EMzDiPmrwpPxAn5GI05/YaO1SY=
github.com/go-errors/errors v1.0.1 h1:LUHzmkK3GUKUrL/1gfBUxAHzcev3apQlezX/+O7ma6w=
github.com/go-errors/errors v1.0.1/go.mod h1:f4zRHt4oKfwPJE5k8C9vpYG+aDHdBFUsgrm6/TyX73Q=
github.com/golang/glog v0.0.0-20160126235308-23def4e6c14b h1:VKtxabqXZkF25pY9ekfRL6a582T4P37/31XEstQ5p58=
github.com/golang/glog v0.0.0-20160126235308-23def4e6c14b/go.mod h1:SBH7ygxi8pfUlaOkMMuAQtPIUF8ecWP5IEl/CR7VP2Q=
github.com/golang/lint v0.0.0-20180702182130-06c8688daad7 h1:2hRPrmiwPrp3fQX967rNJIhQPtiGXdlQWAxKbKw3VHA=
github.com/golang/lint v0.0.0-20180702182130-06c8688daad7/go.mod h1:tluoj9z5200jBnyusfRPU2LqT6J+DAorxEvtC7LHB+E=
github.com/golang/protobuf v0.0.0-20180202184318-bbd03ef6da3a/go.mod h1:6lQm79b+lXiMfvg/cZm0SGofjICqVBUtrP5yJMmIC1U=
github.com/golang/protobuf v1.1.0 h1:0iH4Ffd/meGoXqF2lSAhZHt8X+cPgkfn/cb6Cce5Vpc=
github.com/golang/protobuf v1.1.0/go.mod h1:6lQm79b+lXiMfvg/cZm0SGofjICqVBUtrP5yJMmIC1U=
github.com/gomodule/redigo v2.0.0+incompatible h1:K/R+8tc58AaqLkqG2Ol3Qk+DR/TlNuhuh457pBFPtt0=
github.com/gomodule/redigo v2.0.0+incompatible/go.mod h1:B4C85qUVwatsJoIUNIfCRsp7qO0iAmpGFZ4EELWSbC4=
github.com/gomodule/redigo v2.0.1-0.20180627144507-2cd21d9966bf+incompatible h1:QJ4V3LjaRe/6NKoaaj2QzQZcezt5gNXdPv0axxS4VNA=
github.com/gomodule/redigo v2.0.1-0.20180627144507-2cd21d9966bf+incompatible/go.mod h1:B4C85qUVwatsJoIUNIfCRsp7qO0iAmpGFZ4EELWSbC4=
github.com/google/go-cmp v0.2.0 h1:+dTQ8DZQJz0Mb/HjFlkptS1FeQ4cWSnN941F8aEG4SQ=
github.com/google/go-cmp v0.2.0/go.mod h1:oXzfMopK8JAjlY9xF4vHSVASa0yLyX7SntLO5aqRK0M=
github.com/google/martian v2.0.0-beta.2+incompatible h1:Sthb/mONxL84r1YMJdDVpZPXwr7GgjxdTYteMGB9tVE=
github.com/google/martian v2.0.0-beta.2+incompatible/go.mod h1:9I4somxYTbIHy5NJKHRl3wXiIaQGbYVAs8BPL6v8lEs=
github.com/google/martian v2.1.0+incompatible/go.mod h1:9I4somxYTbIHy5NJKHRl3wXiIaQGbYVAs8BPL6v8lEs=
github.com/google/uuid v1.1.0 h1:Jf4mxPC/ziBnoPIdpQdPJ9OeiomAUHLvxmPRSPH9m4s=
github.com/google/uuid v1.1.0/go.mod h1:TIyPZe4MgqvfeYDBFedMoGGpEw/LqOeaOT+nhxU+yHo=
github.com/googleapis/gax-go v2.0.0+incompatible h1:j0GKcs05QVmm7yesiZq2+9cxHkNK9YM6zKx4D2qucQU=
github.com/googleapis/gax-go v2.0.0+incompatible/go.mod h1:SFVmujtThgffbyetf+mdk2eWhX2bMyUtNHzFKcPA9HY=
github.com/grpc-ecosystem/grpc-gateway v0.0.0-20170724004829-f2862b476edc h1:3NXdOHZ1YlN6SGP3FPbn4k73O2MeEp065abehRwGFxI=
github.com/grpc-ecosystem/grpc-gateway v0.0.0-20170724004829-f2862b476edc/go.mod h1:RSKVYQBd5MCa4OVpNdGskqpgL2+G+NZTnrVHpWWfpdw=
github.com/haya14busa/goplay v1.0.0 h1:ED4BMrGQ3WH7H3YXrcnWMVzj1xeSepaYTkLh1DtFi/4=
github.com/haya14busa/goplay v1.0.0/go.mod h1:TUcdOVV7TTx0Fo9CmTf16Erfju/DzXTbB70+RYb43h8=
github.com/hpcloud/tail v1.0.0/go.mod h1:ab1qPbhIpdTxEkNHXyeSf5vhxWSCs/tWer42PpOxQnU=
github.com/jackpal/gateway v1.0.4/go.mod h1:lTpwd4ACLXmpyiCTRtfiNyVnUmqT9RivzCDQetPfnjA=
github.com/jackpal/go-nat-pmp v0.0.0-20170405195558-28a68d0c24ad/go.mod h1:QPH045xvCAeXUZOxsnwmrtiCoxIr9eob+4orBN1SBKc=
github.com/jessevdk/go-flags v0.0.0-20170926144705-f88afde2fa19/go.mod h1:4FA24M0QyGHXBuZZK/XkWh8h0e1EYbRYJSGM75WSRxI=
github.com/joho/godotenv v1.2.0 h1:vGTvz69FzUFp+X4/bAkb0j5BoLC+9bpqTWY8mjhA9pc=
github.com/joho/godotenv v1.2.0/go.mod h1:7hK45KPybAkOC6peb+G5yklZfMxEjkZhHbwpqxOKXbg=
github.com/josharian/impl v0.0.0-20180228163738-3d0f908298c4 h1:gmIVMdGlVf5e6Yo6+ZklxdOrvtOvyrAjJyXAbmOznyo=
github.com/josharian/impl v0.0.0-20180228163738-3d0f908298c4/go.mod h1:t4Tr0tn92eq5ISef4cS5plFAMYAqZlAXtgUcKE6y8nw=
github.com/jrick/logrotate v1.0.0/go.mod h1:LNinyqDIJnpAur+b8yyulnQw/wDuN1+BYKlTRt3OuAQ=
github.com/juju/errors v0.0.0-20180806074554-22422dad46e1/go.mod h1:W54LbzXuIE0boCoNJfwqpmkKJ1O4TCTZMetAt6jGk7Q=
github.com/juju/loggo v0.0.0-20180524022052-584905176618/go.mod h1:vgyd7OREkbtVEN/8IXZe5Ooef3LQePvuBm9UWj6ZL8U=
github.com/juju/retry v0.0.0-20160928201858-1998d01ba1c3/go.mod h1:OohPQGsr4pnxwD5YljhQ+TZnuVRYpa5irjugL1Yuif4=
github.com/juju/testing v0.0.0-20180807044555-c84dd6ba038a/go.mod h1:63prj8cnj0tU0S9OHjGJn+b1h0ZghCndfnbQolrYTwA=
github.com/juju/utils v0.0.0-20180808125547-9dfc6dbfb02b/go.mod h1:6/KLg8Wz/y2KVGWEpkK9vMNGkOnu4k/cqs8Z1fKjTOk=
github.com/juju/version v0.0.0-20180108022336-b64dbd566305/go.mod h1:kE8gK5X0CImdr7qpSKl3xB2PmpySSmfj7zVbkZFs81U=
github.com/karrick/godirwalk v1.7.3 h1:UP4CfXf1LfNwXrX6vqWf1DOhuiFRn2hXsqtRAQlQOUQ=
github.com/karrick/godirwalk v1.7.3/go.mod h1:2c9FRhkDxdIbgkOnCEvnSWs71Bhugbl46shStcFDJ34=
github.com/kkdai/bstream v0.0.0-20161212061736-f391b8402d23 h1:FOOIBWrEkLgmlgGfMuZT83xIwfPDxEI2OHu6xUmJMFE=
github.com/kkdai/bstream v0.0.0-20161212061736-f391b8402d23/go.mod h1:J+Gs4SYgM6CZQHDETBtE9HaSEkGmuNXF86RwHhHUvq4=
github.com/kr/pretty v0.1.0/go.mod h1:dAy3ld7l9f0ibDNOQOHHMYYIIbhfbHSm3C4ZsoJORNo=
github.com/kr/pty v1.1.1/go.mod h1:pFQYn66WHrOpPYNljwOMqo10TkYh1fy3cYio2l3bCsQ=
github.com/kr/text v0.1.0/go.mod h1:4Jbv+DJW3UT/LiOwJeYQe1efqtUx/iVham/4vfdArNI=
github.com/kylelemons/godebug v0.0.0-20170820004349-d65d576e9348/go.mod h1:B69LEHPfb2qLo0BaaOLcbitczOKLWTsrBG9LczfCD4k=
github.com/lightninglabs/gozmq v0.0.0-20180324010646-462a8a753885 h1:fTLuPUkaKIIV0+gA1IxiBDvDxtF8tzpSF6N6NfFGmsU=
github.com/lightninglabs/gozmq v0.0.0-20180324010646-462a8a753885/go.mod h1:KUh15naRlx/TmUMFS/p4JJrCrE6F7RGF7rsnvuu45E4=
github.com/lightninglabs/neutrino v0.0.0-20180809021943-b451667d6991 h1:0flGC5qsl+NfXTWIvoKh5HfgqMdhHv+kzLeN1mNz+rI=
github.com/lightninglabs/neutrino v0.0.0-20180809021943-b451667d6991/go.mod h1:KJq43Fu9ceitbJsSXMILcT4mGDNI/crKmPIkDOZXFyM=
github.com/lightninglabs/neutrino v0.0.0-20180913224338-bee0ed11601a h1:tOCGCMjgo/GX8zEnYk8YTM4aiR1RI+192duvdZ4aFHg=
github.com/lightninglabs/neutrino v0.0.0-20180913224338-bee0ed11601a/go.mod h1:KJq43Fu9ceitbJsSXMILcT4mGDNI/crKmPIkDOZXFyM=
github.com/lightninglabs/neutrino v0.0.0-20181019013733-8018ab76e70a h1:028dRQ5y6kwHePPPyPmvjMH9qv6UPWCbBpTKTyzE27s=
github.com/lightninglabs/neutrino v0.0.0-20181019013733-8018ab76e70a/go.mod h1:KJq43Fu9ceitbJsSXMILcT4mGDNI/crKmPIkDOZXFyM=
github.com/lightningnetwork/lightning-onion v0.0.0-20180605012408-ac4d9da8f1d6 h1:ONLGrYJVQdbtP6CE/ff1KNWZtygRGEh12RzonTiCzPs=
github.com/lightningnetwork/lightning-onion v0.0.0-20180605012408-ac4d9da8f1d6/go.mod h1:8EgEt4a/NUOVQd+3kk6n9aZCJ1Ssj96Pb6lCrci+6oc=
github.com/ltcsuite/ltcd v0.0.0-20170901085657-5f654d5faab9 h1:aLgtHOvaE6DjIKS5IpQU6ZLjdcQzjxHTMPOpq4pAY+M=
github.com/ltcsuite/ltcd v0.0.0-20170901085657-5f654d5faab9/go.mod h1:EHxR9R4IfKfcjAQ/nQiimQSLaRxdyNz926as4KTtNTg=
github.com/mattn/go-isatty v0.0.4 h1:bnP0vzxcAdeI1zdubAl5PjU6zsERjGZb7raWodagDYs=
github.com/mattn/go-isatty v0.0.4/go.mod h1:M+lRXTBqGeGNdLjl/ufCoiOlB5xdOkqRJdNxMWT7Zi4=
github.com/mattn/go-runewidth v0.0.3 h1:a+kO+98RDGEfo6asOGMmpodZq4FNtnGP54yps8BzLR4=
github.com/mattn/go-runewidth v0.0.3/go.mod h1:LwmH8dsx7+W8Uxz3IHJYH5QSwggIsqBzpuz5H//U1FU=
github.com/mdempsky/gocode v0.0.0-20180727200127-00e7f5ac290a h1:ecO2aKe95WVgaFwU2NH0OefPUnwrGcsC4+hfokbKESM=
github.com/mdempsky/gocode v0.0.0-20180727200127-00e7f5ac290a/go.mod h1:hltEC42XzfMNgg0S1v6JTywwra2Mu6F6cLR03debVQ8=
github.com/miekg/dns v0.0.0-20171125082028-79bfde677fa8 h1:PRMAcldsl4mXKJeRNB/KVNz6TlbS6hk2Rs42PqgU3Ws=
github.com/miekg/dns v0.0.0-20171125082028-79bfde677fa8/go.mod h1:W1PPwlIAgtquWBMBEV9nkV9Cazfe8ScdGz/Lj7v3Nrg=
github.com/onsi/ginkgo v1.6.0/go.mod h1:lLunBs/Ym6LB5Z9jYTR76FiuTmxDTDusOGeTQH+WWjE=
github.com/onsi/gomega v1.4.1/go.mod h1:C1qb7wdrVGGVU+Z6iS04AVkA3Q65CEZX59MT0QO5uiA=
github.com/peterh/liner v1.1.0 h1:f+aAedNJA6uk7+6rXsYBnhdo4Xux7ESLe+kcuVUF5os=
github.com/peterh/liner v1.1.0/go.mod h1:CRroGNssyjTd/qIG2FyxByd2S8JEAZXBl4qUrZf8GS0=
github.com/pkg/errors v0.8.0 h1:WdK/asTD0HN+q6hsWO3/vpuAkAr+tw6aNJNDFFf0+qw=
github.com/pkg/errors v0.8.0/go.mod h1:bwawxfHBFNV+L2hUp1rHADufV3IMtnDRdf1r5NINEl0=
github.com/ramya-rao-a/go-outline v0.0.0-20170803230019-9e9d089bb61a h1:B4BHwip49jjfBeBBIh2WrAuvgGNHQgpxMg7V2Dv7BsE=
github.com/ramya-rao-a/go-outline v0.0.0-20170803230019-9e9d089bb61a/go.mod h1:1WL5IqM+CnRCAbXetRnL1YVoS9KtU2zMhOi/5oAVPo4=
github.com/roasbeef/btcwallet v0.0.0-20180426223453-30affec83c18 h1:QxTtAp0pMrokFZSNdlE+mh6JV7kqfwobwiirh4y4Co0=
github.com/roasbeef/btcwallet v0.0.0-20180426223453-30affec83c18/go.mod h1:goBH4LGKmFYicHRfH1xJhWiBZE9mB73fngtZ2hacyCk=
github.com/rogpeppe/fastuuid v0.0.0-20150106093220-6724a57986af/go.mod h1:XWv6SoW27p1b0cqNHllgS5HIMJraePCO15w5zCzIWYg=
github.com/rogpeppe/godef v0.0.0-20170920080713-b692db1de522 h1:MzB6wOOru/yUkJs6iTkTa0UuKZlc2WAo/jr1TnBH+Sw=
github.com/rogpeppe/godef v0.0.0-20170920080713-b692db1de522/go.mod h1:ZBiG/aArN4rqpDocvOY8PVZIVqBTm7A2uOasqHjXt9Y=
github.com/sirupsen/logrus v1.0.6 h1:hcP1GmhGigz/O7h1WVUM5KklBp1JoNS9FggWKdj/j3s=
github.com/sirupsen/logrus v1.0.6/go.mod h1:pMByvHTf9Beacp5x1UXfOR9xyW/9antXMhjMPG0dEzc=
github.com/skratchdot/open-golang v0.0.0-20160302144031-75fb7ed4208c h1:fyKiXKO1/I/B6Y2U8T7WdQGWzwehOuGIrljPtt7YTTI=
github.com/skratchdot/open-golang v0.0.0-20160302144031-75fb7ed4208c/go.mod h1:sUM3LWHvSMaG192sy56D9F7CNvL7jUJVXoqM1QKLnog=
github.com/spf13/cobra v0.0.3 h1:ZlrZ4XsMRm04Fr5pSFxBgfND2EBVa1nLpiy1stUsX/8=
github.com/spf13/cobra v0.0.3/go.mod h1:1l0Ry5zgKvJasoi3XT1TypsSe7PqH0Sj9dhYf7v3XqQ=
github.com/spf13/pflag v1.0.2 h1:Fy0orTDgHdbnzHcsOgfCN4LtHf0ec3wwtiwJqwvf3Gc=
github.com/spf13/pflag v1.0.2/go.mod h1:DYY7MBk1bdzusC3SYhjObp+wFpr4gzcvqqNjLnInEg4=
github.com/sqs/goreturns v0.0.0-20180302073349-83e02874ec12 h1:/iJCbsc+t41LGK/YJblzm1o3HwM162j66hkq2L57nis=
github.com/sqs/goreturns v0.0.0-20180302073349-83e02874ec12/go.mod h1:CKI4AZ4XmGV240rTHfO0hfE83S6/a3/Q1siZJ/vXf7A=
github.com/tv42/zbase32 v0.0.0-20160707012821-501572607d02/go.mod h1:tHlrkM198S068ZqfrO6S8HsoJq2bF3ETfTL+kt4tInY=
github.com/urfave/cli v1.18.0/go.mod h1:70zkFmudgCuE/ngEzBv17Jvp/497gISqfk5gWijbERA=
github.com/uudashr/gopkgs v1.3.2 h1:ACme7LZyeSNIRIl9HtAA0RsT0eePUsrkHDVb2+aswhg=
github.com/uudashr/gopkgs v1.3.2/go.mod h1:MtCdKVJkxW7hNKWXPNWfpaeEp8+Ml3Q8myb4yWhn2Hg=
go.opencensus.io v0.15.0 h1:r1SzcjSm4ybA0qZs3B4QYX072f8gK61Kh0qtwyFpfdk=
go.opencensus.io v0.15.0/go.mod h1:UffZAU+4sDEINUGP/B7UfBBkq4fqLu9zXAX7ke6CHW0=
golang.org/x/arch v0.0.0-20180516175055-5de9028c2478 h1:fvOqz8ZzX1us9kyff4JaBYTLClOQbLu2TkJGizMew9w=
golang.org/x/arch v0.0.0-20180516175055-5de9028c2478/go.mod h1:cYlCBUl1MsqxdiKgmc4uh7TxZfWSFLOGSRR090WDxt8=
golang.org/x/crypto v0.0.0-20180808211826-de0752318171/go.mod h1:6SG95UA2DQfeDnfUPMdvaQW0Q7yPrPDi9nlGo2tz2b4=
golang.org/x/crypto v0.0.0-20180816225734-aabede6cba87 h1:gCHhzI+1R9peHIMyiWVxoVaWlk1cYK7VThX5ptLtbXY=
golang.org/x/crypto v0.0.0-20180816225734-aabede6cba87/go.mod h1:6SG95UA2DQfeDnfUPMdvaQW0Q7yPrPDi9nlGo2tz2b4=
golang.org/x/crypto v0.0.0-20180820150726-614d502a4dac h1:7d7lG9fHOLdL6jZPtnV4LpI41SbohIJ1Atq7U991dMg=
golang.org/x/crypto v0.0.0-20180820150726-614d502a4dac/go.mod h1:6SG95UA2DQfeDnfUPMdvaQW0Q7yPrPDi9nlGo2tz2b4=
golang.org/x/lint v0.0.0-20180702182130-06c8688daad7 h1:00BeQWmeaGazuOrq8Q5K5d3/cHaGuFrZzpaHBXfrsUA=
golang.org/x/lint v0.0.0-20180702182130-06c8688daad7/go.mod h1:UVdnD1Gm6xHRNCYTkRU2/jEulfH38KcIWyp/GAMgvoE=
golang.org/x/net v0.0.0-20180719180050-a680a1efc54d/go.mod h1:mL1N/T3taQHkDXs73rZJwtUhF3w3ftmwwsq0BUmARs4=
golang.org/x/net v0.0.0-20180816102801-aaf60122140d h1:211XH5RPVP5tOBkz6xm3/b7KxtjqVf6PYG+evqJpE08=
golang.org/x/net v0.0.0-20180816102801-aaf60122140d/go.mod h1:mL1N/T3taQHkDXs73rZJwtUhF3w3ftmwwsq0BUmARs4=
golang.org/x/oauth2 v0.0.0-20180724155351-3d292e4d0cdc h1:3ElrZeO6IBP+M8kgu5YFwRo92Gqr+zBg3aooYQ6ziqU=
golang.org/x/oauth2 v0.0.0-20180724155351-3d292e4d0cdc/go.mod h1:N/0e6XlmueqKjAGxoOufVs8QHGRruUQn6yWY3a++T0U=
golang.org/x/sync v0.0.0-20180314180146-1d60e4601c6f h1:wMNYb4v58l5UBM7MYRLPG6ZhfOqbKu7X5eyFl8ZhKvA=
golang.org/x/sync v0.0.0-20180314180146-1d60e4601c6f/go.mod h1:RxMgew5VJxzue5/jJTE5uejpjVlOe/izrB70Jof72aM=
golang.org/x/sys v0.0.0-20180808154034-904bdc257025/go.mod h1:STP8DvDyc/dI5b8T5hshtkjS+E42TnysNCUPdjciGhY=
golang.org/x/sys v0.0.0-20180816055513-1c9583448a9c h1:uHnKXcvx6SNkuwC+nrzxkJ+TpPwZOtumbhWrrOYN5YA=
golang.org/x/sys v0.0.0-20180816055513-1c9583448a9c/go.mod h1:STP8DvDyc/dI5b8T5hshtkjS+E42TnysNCUPdjciGhY=
golang.org/x/text v0.3.0 h1:g61tztE5qeGQ89tm6NTjjM9VPIm088od1l6aSorWRWg=
golang.org/x/text v0.3.0/go.mod h1:NqM8EUOU14njkJ3fqMW+pc6Ldnwhi/IjpwHt7yyuwOQ=
golang.org/x/time v0.0.0-20180412165947-fbb02b2291d2/go.mod h1:tRJNPiyCQ0inRvYxbN9jk5I+vvW/OXSQhTDSoE431IQ=
golang.org/x/tools v0.0.0-20180824175216-6c1c5e93cdc1/go.mod h1:n7NCudcB/nEzxVGmLbDWY5pfWTLqBcC2KZ6jyYvM4mQ=
golang.org/x/tools v0.0.0-20180831211245-7ca132754999 h1:mf2VYfMpSMTlp0I/UXrX13w5LejDx34QeUUHH4TrUA8=
golang.org/x/tools v0.0.0-20180831211245-7ca132754999/go.mod h1:n7NCudcB/nEzxVGmLbDWY5pfWTLqBcC2KZ6jyYvM4mQ=
google.golang.org/api v0.0.0-20180818000503-e21acd801f91 h1:MgYYgjaWMS2qQiDwCznfbqNmEOdSULlvjCvSCvIe/Wo=
google.golang.org/api v0.0.0-20180818000503-e21acd801f91/go.mod h1:4mhQ8q/RsB7i+udVvVy5NUi08OU8ZlA0gRVgrF7VFY0=
google.golang.org/appengine v1.1.0 h1:igQkv0AAhEIvTEpD5LIpAfav2eeVO9HBTjvKHVJPRSs=
google.golang.org/appengine v1.1.0/go.mod h1:EbEs0AVv82hx2wNQdGPgUI5lhzA/G0D9YwlJXL52JkM=
google.golang.org/genproto v0.0.0-20180306020942-df60624c1e9b/go.mod h1:JiN7NxoALGmiZfu7CAH4rXhgtRTLTxftemlI0sWmxmc=
google.golang.org/genproto v0.0.0-20180817151627-c66870c02cf8 h1:Nw54tB0rB7hY/N0NQvRW8DG4Yk3Q6T9cu9RcFQDu1tc=
google.golang.org/genproto v0.0.0-20180817151627-c66870c02cf8/go.mod h1:JiN7NxoALGmiZfu7CAH4rXhgtRTLTxftemlI0sWmxmc=
google.golang.org/grpc v1.5.2/go.mod h1:yo6s7OP7yaDglbqo1J04qKzAhqBH6lvTonzMVmEdcZw=
google.golang.org/grpc v1.14.0 h1:ArxJuB1NWfPY6r9Gp9gqwplT0Ge7nqv9msgu03lHLmo=
google.golang.org/grpc v1.14.0/go.mod h1:yo6s7OP7yaDglbqo1J04qKzAhqBH6lvTonzMVmEdcZw=
gopkg.in/check.v1 v0.0.0-20161208181325-20d25e280405/go.mod h1:Co6ibVJAznAaIkqp8huTwlJQCZ016jof/cbN4VW5Yz0=
gopkg.in/check.v1 v1.0.0-20180628173108-788fd7840127/go.mod h1:Co6ibVJAznAaIkqp8huTwlJQCZ016jof/cbN4VW5Yz0=
gopkg.in/errgo.v1 v1.0.0-20180502123906-c17903c6b19d/go.mod h1:u0ALmqvLRxLI95fkdCEWrE6mhWYZW1aMOJHp5YXLHTg=
gopkg.in/fsnotify.v1 v1.4.7/go.mod h1:Tz8NjZHkW78fSQdbUxIjBTcgA1z1m8ZHf0WmKUhAMys=
gopkg.in/macaroon-bakery.v2 v2.0.1/go.mod h1:B4/T17l+ZWGwxFSZQmlBwp25x+og7OkhETfr3S9MbIA=
gopkg.in/macaroon.v2 v2.0.0/go.mod h1:+I6LnTMkm/uV5ew/0nsulNjL16SK4+C8yDmRUzHR17I=
gopkg.in/mgo.v2 v2.0.0-20180705113604-9856a29383ce/go.mod h1:yeKp02qBN3iKW1OzL3MGk2IdtZzaj7SFntXj72NppTA=
gopkg.in/tomb.v1 v1.0.0-20141024135613-dd632973f1e7/go.mod h1:dt/ZhP58zS4L8KSrWDmTeBkI65Dw0HsyUHuEVlX15mw=
gopkg.in/yaml.v2 v2.2.1 h1:mUhvW9EsL+naU5Q3cakzfE91YhliOondGd6ZrsDBHQE=
gopkg.in/yaml.v2 v2.2.1/go.mod h1:hI93XBmqTisBFMUTm0b8Fm+jr3Dg1NNxqwp+5A1VGuI=
launchpad.net/gocheck v0.0.0-20140225173054-000000000087/go.mod h1:hj7XX3B/0A+80Vse0e+BUHsHMTEhd0O4cpUHr/e/BUM=
